// !$*UTF8*$!
{
	archiveVersion = 1;
	classes = {
	};
	objectVersion = 50;
	objects = {

/* Begin PBXBuildFile section */
		0422689E2518A47B000273C5 /* User.swift in Sources */ = {isa = PBXBuildFile; fileRef = 0422689D2518A47B000273C5 /* User.swift */; };
		042268A02518AA58000273C5 /* DetailViewController.swift in Sources */ = {isa = PBXBuildFile; fileRef = 0422689F2518AA58000273C5 /* DetailViewController.swift */; };
		042268A22519CEAF000273C5 /* SaveViewController.swift in Sources */ = {isa = PBXBuildFile; fileRef = 042268A12519CEAF000273C5 /* SaveViewController.swift */; };
		04E8D1762517812600AEA5A0 /* AppDelegate.swift in Sources */ = {isa = PBXBuildFile; fileRef = 04E8D1752517812600AEA5A0 /* AppDelegate.swift */; };
		04E8D1782517812600AEA5A0 /* SceneDelegate.swift in Sources */ = {isa = PBXBuildFile; fileRef = 04E8D1772517812600AEA5A0 /* SceneDelegate.swift */; };
		04E8D17A2517812600AEA5A0 /* ViewController.swift in Sources */ = {isa = PBXBuildFile; fileRef = 04E8D1792517812600AEA5A0 /* ViewController.swift */; };
		04E8D17D2517812600AEA5A0 /* Main.storyboard in Resources */ = {isa = PBXBuildFile; fileRef = 04E8D17B2517812600AEA5A0 /* Main.storyboard */; };
		04E8D17F2517812800AEA5A0 /* Assets.xcassets in Resources */ = {isa = PBXBuildFile; fileRef = 04E8D17E2517812800AEA5A0 /* Assets.xcassets */; };
		04E8D1822517812800AEA5A0 /* LaunchScreen.storyboard in Resources */ = {isa = PBXBuildFile; fileRef = 04E8D1802517812800AEA5A0 /* LaunchScreen.storyboard */; };
		04E8D18C2517897000AEA5A0 /* CustomCell.swift in Sources */ = {isa = PBXBuildFile; fileRef = 04E8D18B2517897000AEA5A0 /* CustomCell.swift */; };
/* End PBXBuildFile section */

/* Begin PBXFileReference section */
		0422689D2518A47B000273C5 /* User.swift */ = {isa = PBXFileReference; lastKnownFileType = sourcecode.swift; path = User.swift; sourceTree = "<group>"; };
		0422689F2518AA58000273C5 /* DetailViewController.swift */ = {isa = PBXFileReference; lastKnownFileType = sourcecode.swift; path = DetailViewController.swift; sourceTree = "<group>"; };
		042268A12519CEAF000273C5 /* SaveViewController.swift */ = {isa = PBXFileReference; lastKnownFileType = sourcecode.swift; path = SaveViewController.swift; sourceTree = "<group>"; };
		04E8D1722517812600AEA5A0 /* ContactBook.app */ = {isa = PBXFileReference; explicitFileType = wrapper.application; includeInIndex = 0; path = ContactBook.app; sourceTree = BUILT_PRODUCTS_DIR; };
		04E8D1752517812600AEA5A0 /* AppDelegate.swift */ = {isa = PBXFileReference; lastKnownFileType = sourcecode.swift; path = AppDelegate.swift; sourceTree = "<group>"; };
		04E8D1772517812600AEA5A0 /* SceneDelegate.swift */ = {isa = PBXFileReference; lastKnownFileType = sourcecode.swift; path = SceneDelegate.swift; sourceTree = "<group>"; };
		04E8D1792517812600AEA5A0 /* ViewController.swift */ = {isa = PBXFileReference; lastKnownFileType = sourcecode.swift; path = ViewController.swift; sourceTree = "<group>"; };
		04E8D17C2517812600AEA5A0 /* Base */ = {isa = PBXFileReference; lastKnownFileType = file.storyboard; name = Base; path = Base.lproj/Main.storyboard; sourceTree = "<group>"; };
		04E8D17E2517812800AEA5A0 /* Assets.xcassets */ = {isa = PBXFileReference; lastKnownFileType = folder.assetcatalog; path = Assets.xcassets; sourceTree = "<group>"; };
		04E8D1812517812800AEA5A0 /* Base */ = {isa = PBXFileReference; lastKnownFileType = file.storyboard; name = Base; path = Base.lproj/LaunchScreen.storyboard; sourceTree = "<group>"; };
		04E8D1832517812800AEA5A0 /* Info.plist */ = {isa = PBXFileReference; lastKnownFileType = text.plist.xml; path = Info.plist; sourceTree = "<group>"; };
		04E8D18B2517897000AEA5A0 /* CustomCell.swift */ = {isa = PBXFileReference; lastKnownFileType = sourcecode.swift; path = CustomCell.swift; sourceTree = "<group>"; };
/* End PBXFileReference section */

/* Begin PBXFrameworksBuildPhase section */
		04E8D16F2517812600AEA5A0 /* Frameworks */ = {
			isa = PBXFrameworksBuildPhase;
			buildActionMask = 2147483647;
			files = (
			);
			runOnlyForDeploymentPostprocessing = 0;
		};
/* End PBXFrameworksBuildPhase section */

/* Begin PBXGroup section */
		04E8D1692517812600AEA5A0 = {
			isa = PBXGroup;
			children = (
				04E8D1742517812600AEA5A0 /* ContactBook */,
				04E8D1732517812600AEA5A0 /* Products */,
			);
			sourceTree = "<group>";
		};
		04E8D1732517812600AEA5A0 /* Products */ = {
			isa = PBXGroup;
			children = (
				04E8D1722517812600AEA5A0 /* ContactBook.app */,
			);
			name = Products;
			sourceTree = "<group>";
		};
		04E8D1742517812600AEA5A0 /* ContactBook */ = {
			isa = PBXGroup;
			children = (
				04E8D1772517812600AEA5A0 /* SceneDelegate.swift */,
				04E8D1752517812600AEA5A0 /* AppDelegate.swift */,
				0422689D2518A47B000273C5 /* User.swift */,
				04E8D18B2517897000AEA5A0 /* CustomCell.swift */,
				0422689F2518AA58000273C5 /* DetailViewController.swift */,
				042268A12519CEAF000273C5 /* SaveViewController.swift */,
				04E8D1792517812600AEA5A0 /* ViewController.swift */,
				04E8D17B2517812600AEA5A0 /* Main.storyboard */,
				04E8D17E2517812800AEA5A0 /* Assets.xcassets */,
				04E8D1802517812800AEA5A0 /* LaunchScreen.storyboard */,
				04E8D1832517812800AEA5A0 /* Info.plist */,
			);
			path = ContactBook;
			sourceTree = "<group>";
		};
/* End PBXGroup section */

/* Begin PBXNativeTarget section */
		04E8D1712517812600AEA5A0 /* ContactBook */ = {
			isa = PBXNativeTarget;
			buildConfigurationList = 04E8D1862517812800AEA5A0 /* Build configuration list for PBXNativeTarget "ContactBook" */;
			buildPhases = (
				04E8D16E2517812600AEA5A0 /* Sources */,
				04E8D16F2517812600AEA5A0 /* Frameworks */,
				04E8D1702517812600AEA5A0 /* Resources */,
			);
			buildRules = (
			);
			dependencies = (
			);
			name = ContactBook;
			productName = ContactBook;
			productReference = 04E8D1722517812600AEA5A0 /* ContactBook.app */;
			productType = "com.apple.product-type.application";
		};
/* End PBXNativeTarget section */

/* Begin PBXProject section */
		04E8D16A2517812600AEA5A0 /* Project object */ = {
			isa = PBXProject;
			attributes = {
				LastSwiftUpdateCheck = 1150;
				LastUpgradeCheck = 1210;
				ORGANIZATIONNAME = mac;
				TargetAttributes = {
					04E8D1712517812600AEA5A0 = {
						CreatedOnToolsVersion = 11.5;
					};
				};
			};
			buildConfigurationList = 04E8D16D2517812600AEA5A0 /* Build configuration list for PBXProject "ContactBook" */;
			compatibilityVersion = "Xcode 9.3";
			developmentRegion = en;
			hasScannedForEncodings = 0;
			knownRegions = (
				en,
				Base,
			);
			mainGroup = 04E8D1692517812600AEA5A0;
			productRefGroup = 04E8D1732517812600AEA5A0 /* Products */;
			projectDirPath = "";
			projectRoot = "";
			targets = (
				04E8D1712517812600AEA5A0 /* ContactBook */,
			);
		};
/* End PBXProject section */

/* Begin PBXResourcesBuildPhase section */
		04E8D1702517812600AEA5A0 /* Resources */ = {
			isa = PBXResourcesBuildPhase;
			buildActionMask = 2147483647;
			files = (
				04E8D1822517812800AEA5A0 /* LaunchScreen.storyboard in Resources */,
				04E8D17F2517812800AEA5A0 /* Assets.xcassets in Resources */,
				04E8D17D2517812600AEA5A0 /* Main.storyboard in Resources */,
			);
			runOnlyForDeploymentPostprocessing = 0;
		};
/* End PBXResourcesBuildPhase section */

/* Begin PBXSourcesBuildPhase section */
		04E8D16E2517812600AEA5A0 /* Sources */ = {
			isa = PBXSourcesBuildPhase;
			buildActionMask = 2147483647;
			files = (
				04E8D17A2517812600AEA5A0 /* ViewController.swift in Sources */,
				04E8D18C2517897000AEA5A0 /* CustomCell.swift in Sources */,
				04E8D1762517812600AEA5A0 /* AppDelegate.swift in Sources */,
				042268A02518AA58000273C5 /* DetailViewController.swift in Sources */,
				0422689E2518A47B000273C5 /* User.swift in Sources */,
				04E8D1782517812600AEA5A0 /* SceneDelegate.swift in Sources */,
				042268A22519CEAF000273C5 /* SaveViewController.swift in Sources */,
			);
			runOnlyForDeploymentPostprocessing = 0;
		};
/* End PBXSourcesBuildPhase section */

/* Begin PBXVariantGroup section */
		04E8D17B2517812600AEA5A0 /* Main.storyboard */ = {
			isa = PBXVariantGroup;
			children = (
				04E8D17C2517812600AEA5A0 /* Base */,
			);
			name = Main.storyboard;
			sourceTree = "<group>";
		};
		04E8D1802517812800AEA5A0 /* LaunchScreen.storyboard */ = {
			isa = PBXVariantGroup;
			children = (
				04E8D1812517812800AEA5A0 /* Base */,
			);
			name = LaunchScreen.storyboard;
			sourceTree = "<group>";
		};
/* End PBXVariantGroup section */

/* Begin XCBuildConfiguration section */
		04E8D1842517812800AEA5A0 /* Debug */ = {
			isa = XCBuildConfiguration;
			buildSettings = {
				ALWAYS_SEARCH_USER_PATHS = NO;
				CLANG_ANALYZER_NONNULL = YES;
				CLANG_ANALYZER_NUMBER_OBJECT_CONVERSION = YES_AGGRESSIVE;
				CLANG_CXX_LANGUAGE_STANDARD = "gnu++14";
				CLANG_CXX_LIBRARY = "libc++";
				CLANG_ENABLE_MODULES = YES;
				CLANG_ENABLE_OBJC_ARC = YES;
				CLANG_ENABLE_OBJC_WEAK = YES;
				CLANG_WARN_BLOCK_CAPTURE_AUTORELEASING = YES;
				CLANG_WARN_BOOL_CONVERSION = YES;
				CLANG_WARN_COMMA = YES;
				CLANG_WARN_CONSTANT_CONVERSION = YES;
				CLANG_WARN_DEPRECATED_OBJC_IMPLEMENTATIONS = YES;
				CLANG_WARN_DIRECT_OBJC_ISA_USAGE = YES_ERROR;
				CLANG_WARN_DOCUMENTATION_COMMENTS = YES;
				CLANG_WARN_EMPTY_BODY = YES;
				CLANG_WARN_ENUM_CONVERSION = YES;
				CLANG_WARN_INFINITE_RECURSION = YES;
				CLANG_WARN_INT_CONVERSION = YES;
				CLANG_WARN_NON_LITERAL_NULL_CONVERSION = YES;
				CLANG_WARN_OBJC_IMPLICIT_RETAIN_SELF = YES;
				CLANG_WARN_OBJC_LITERAL_CONVERSION = YES;
				CLANG_WARN_OBJC_ROOT_CLASS = YES_ERROR;
				CLANG_WARN_QUOTED_INCLUDE_IN_FRAMEWORK_HEADER = YES;
				CLANG_WARN_RANGE_LOOP_ANALYSIS = YES;
				CLANG_WARN_STRICT_PROTOTYPES = YES;
				CLANG_WARN_SUSPICIOUS_MOVE = YES;
				CLANG_WARN_UNGUARDED_AVAILABILITY = YES_AGGRESSIVE;
				CLANG_WARN_UNREACHABLE_CODE = YES;
				CLANG_WARN__DUPLICATE_METHOD_MATCH = YES;
				COPY_PHASE_STRIP = NO;
				DEBUG_INFORMATION_FORMAT = dwarf;
				ENABLE_STRICT_OBJC_MSGSEND = YES;
				ENABLE_TESTABILITY = YES;
				GCC_C_LANGUAGE_STANDARD = gnu11;
				GCC_DYNAMIC_NO_PIC = NO;
				GCC_NO_COMMON_BLOCKS = YES;
				GCC_OPTIMIZATION_LEVEL = 0;
				GCC_PREPROCESSOR_DEFINITIONS = (
					"DEBUG=1",
					"$(inherited)",
				);
				GCC_WARN_64_TO_32_BIT_CONVERSION = YES;
				GCC_WARN_ABOUT_RETURN_TYPE = YES_ERROR;
				GCC_WARN_UNDECLARED_SELECTOR = YES;
				GCC_WARN_UNINITIALIZED_AUTOS = YES_AGGRESSIVE;
				GCC_WARN_UNUSED_FUNCTION = YES;
				GCC_WARN_UNUSED_VARIABLE = YES;
				IPHONEOS_DEPLOYMENT_TARGET = 13.5;
				MTL_ENABLE_DEBUG_INFO = INCLUDE_SOURCE;
				MTL_FAST_MATH = YES;
				ONLY_ACTIVE_ARCH = YES;
				SDKROOT = iphoneos;
				SWIFT_ACTIVE_COMPILATION_CONDITIONS = DEBUG;
				SWIFT_OPTIMIZATION_LEVEL = "-Onone";
			};
			name = Debug;
		};
		04E8D1852517812800AEA5A0 /* Release */ = {
			isa = XCBuildConfiguration;
			buildSettings = {
				ALWAYS_SEARCH_USER_PATHS = NO;
				CLANG_ANALYZER_NONNULL = YES;
				CLANG_ANALYZER_NUMBER_OBJECT_CONVERSION = YES_AGGRESSIVE;
				CLANG_CXX_LANGUAGE_STANDARD = "gnu++14";
				CLANG_CXX_LIBRARY = "libc++";
				CLANG_ENABLE_MODULES = YES;
				CLANG_ENABLE_OBJC_ARC = YES;
				CLANG_ENABLE_OBJC_WEAK = YES;
				CLANG_WARN_BLOCK_CAPTURE_AUTORELEASING = YES;
				CLANG_WARN_BOOL_CONVERSION = YES;
				CLANG_WARN_COMMA = YES;
				CLANG_WARN_CONSTANT_CONVERSION = YES;
				CLANG_WARN_DEPRECATED_OBJC_IMPLEMENTATIONS = YES;
				CLANG_WARN_DIRECT_OBJC_ISA_USAGE = YES_ERROR;
				CLANG_WARN_DOCUMENTATION_COMMENTS = YES;
				CLANG_WARN_EMPTY_BODY = YES;
				CLANG_WARN_ENUM_CONVERSION = YES;
				CLANG_WARN_INFINITE_RECURSION = YES;
				CLANG_WARN_INT_CONVERSION = YES;
				CLANG_WARN_NON_LITERAL_NULL_CONVERSION = YES;
				CLANG_WARN_OBJC_IMPLICIT_RETAIN_SELF = YES;
				CLANG_WARN_OBJC_LITERAL_CONVERSION = YES;
				CLANG_WARN_OBJC_ROOT_CLASS = YES_ERROR;
				CLANG_WARN_QUOTED_INCLUDE_IN_FRAMEWORK_HEADER = YES;
				CLANG_WARN_RANGE_LOOP_ANALYSIS = YES;
				CLANG_WARN_STRICT_PROTOTYPES = YES;
				CLANG_WARN_SUSPICIOUS_MOVE = YES;
				CLANG_WARN_UNGUARDED_AVAILABILITY = YES_AGGRESSIVE;
				CLANG_WARN_UNREACHABLE_CODE = YES;
				CLANG_WARN__DUPLICATE_METHOD_MATCH = YES;
				COPY_PHASE_STRIP = NO;
				DEBUG_INFORMATION_FORMAT = "dwarf-with-dsym";
				ENABLE_NS_ASSERTIONS = NO;
				ENABLE_STRICT_OBJC_MSGSEND = YES;
				GCC_C_LANGUAGE_STANDARD = gnu11;
				GCC_NO_COMMON_BLOCKS = YES;
				GCC_WARN_64_TO_32_BIT_CONVERSION = YES;
				GCC_WARN_ABOUT_RETURN_TYPE = YES_ERROR;
				GCC_WARN_UNDECLARED_SELECTOR = YES;
				GCC_WARN_UNINITIALIZED_AUTOS = YES_AGGRESSIVE;
				GCC_WARN_UNUSED_FUNCTION = YES;
				GCC_WARN_UNUSED_VARIABLE = YES;
				IPHONEOS_DEPLOYMENT_TARGET = 13.5;
				MTL_ENABLE_DEBUG_INFO = NO;
				MTL_FAST_MATH = YES;
				SDKROOT = iphoneos;
				SWIFT_COMPILATION_MODE = wholemodule;
				SWIFT_OPTIMIZATION_LEVEL = "-O";
				VALIDATE_PRODUCT = YES;
			};
			name = Release;
		};
		04E8D1872517812800AEA5A0 /* Debug */ = {
			isa = XCBuildConfiguration;
			buildSettings = {
				ASSETCATALOG_COMPILER_APPICON_NAME = AppIcon;
				CODE_SIGN_STYLE = Automatic;
				DEVELOPMENT_TEAM = 95K5ZU8BNF;
				INFOPLIST_FILE = ContactBook/Info.plist;
				LD_RUNPATH_SEARCH_PATHS = (
					"$(inherited)",
					"@executable_path/Frameworks",
				);
				PRODUCT_BUNDLE_IDENTIFIER = mac.ContactBook;
				PRODUCT_NAME = "$(TARGET_NAME)";
				SWIFT_VERSION = 5.0;
				TARGETED_DEVICE_FAMILY = "1,2";
			};
			name = Debug;
		};
		04E8D1882517812800AEA5A0 /* Release */ = {
			isa = XCBuildConfiguration;
			buildSettings = {
				ASSETCATALOG_COMPILER_APPICON_NAME = AppIcon;
				CODE_SIGN_STYLE = Automatic;
				DEVELOPMENT_TEAM = 95K5ZU8BNF;
				INFOPLIST_FILE = ContactBook/Info.plist;
				LD_RUNPATH_SEARCH_PATHS = (
					"$(inherited)",
					"@executable_path/Frameworks",
				);
				PRODUCT_BUNDLE_IDENTIFIER = mac.ContactBook;
				PRODUCT_NAME = "$(TARGET_NAME)";
				SWIFT_VERSION = 5.0;
				TARGETED_DEVICE_FAMILY = "1,2";
			};
			name = Release;
		};
/* End XCBuildConfiguration section */

/* Begin XCConfigurationList section */
		04E8D16D2517812600AEA5A0 /* Build configuration list for PBXProject "ContactBook" */ = {
			isa = XCConfigurationList;
			buildConfigurations = (
				04E8D1842517812800AEA5A0 /* Debug */,
				04E8D1852517812800AEA5A0 /* Release */,
			);
			defaultConfigurationIsVisible = 0;
			defaultConfigurationName = Release;
		};
		04E8D1862517812800AEA5A0 /* Build configuration list for PBXNativeTarget "ContactBook" */ = {
			isa = XCConfigurationList;
			buildConfigurations = (
				04E8D1872517812800AEA5A0 /* Debug */,
				04E8D1882517812800AEA5A0 /* Release */,
			);
			defaultConfigurationIsVisible = 0;
			defaultConfigurationName = Release;
		};
/* End XCConfigurationList section */
	};
	rootObject = 04E8D16A2517812600AEA5A0 /* Project object */;
}
